
Microsoft Visual Studio Solution File, Format Version 12.00
# Visual Studio Version 17
VisualStudioVersion = 17.3.32929.385
MinimumVisualStudioVersion = 10.0.40219.1
Project("{FAE04EC0-301F-11D3-BF4B-00C04F79EFBC}") = "TriNombre2", "TriNombre2.csproj", "{66DED0A0-B216-4DD6-A186-FE0387930176}"
EndProject
Global
	GlobalSection(SolutionConfigurationPlatforms) = preSolution
		Debug|Any CPU = Debug|Any CPU
		Release|Any CPU = Release|Any CPU
	EndGlobalSection
	GlobalSection(ProjectConfigurationPlatforms) = postSolution
		{66DED0A0-B216-4DD6-A186-FE0387930176}.Debug|Any CPU.ActiveCfg = Debug|Any CPU
		{66DED0A0-B216-4DD6-A186-FE0387930176}.Debug|Any CPU.Build.0 = Debug|Any CPU
		{66DED0A0-B216-4DD6-A186-FE0387930176}.Release|Any CPU.ActiveCfg = Release|Any CPU
		{66DED0A0-B216-4DD6-A186-FE0387930176}.Release|Any CPU.Build.0 = Release|Any CPU
	EndGlobalSection
	GlobalSection(SolutionProperties) = preSolution
		HideSolutionNode = FALSE
	EndGlobalSection
	GlobalSection(ExtensibilityGlobals) = postSolution
		SolutionGuid = {7EEB348A-2C85-46C3-8186-3CB37F94C28A}
	EndGlobalSection
EndGlobal
